// !$*UTF8*$!
{
	archiveVersion = 1;
	classes = {
	};
	objectVersion = 77;
	objects = {

/* Begin PBXContainerItemProxy section */
		D3D10A6B2CDDB76000252FA8 /* PBXContainerItemProxy */ = {
			isa = PBXContainerItemProxy;
			containerPortal = D3D10A522CDDB75E00252FA8 /* Project object */;
			proxyType = 1;
			remoteGlobalIDString = D3D10A592CDDB75E00252FA8;
			remoteInfo = splitsy;
		};
		D3D10A752CDDB76000252FA8 /* PBXContainerItemProxy */ = {
			isa = PBXContainerItemProxy;
			containerPortal = D3D10A522CDDB75E00252FA8 /* Project object */;
			proxyType = 1;
			remoteGlobalIDString = D3D10A592CDDB75E00252FA8;
			remoteInfo = splitsy;
		};
/* End PBXContainerItemProxy section */

/* Begin PBXFileReference section */
		D3D10A5A2CDDB75E00252FA8 /* splitsy.app */ = {isa = PBXFileReference; explicitFileType = wrapper.application; includeInIndex = 0; path = splitsy.app; sourceTree = BUILT_PRODUCTS_DIR; };
		D3D10A6A2CDDB76000252FA8 /* splitsyTests.xctest */ = {isa = PBXFileReference; explicitFileType = wrapper.cfbundle; includeInIndex = 0; path = splitsyTests.xctest; sourceTree = BUILT_PRODUCTS_DIR; };
		D3D10A742CDDB76000252FA8 /* splitsyUITests.xctest */ = {isa = PBXFileReference; explicitFileType = wrapper.cfbundle; includeInIndex = 0; path = splitsyUITests.xctest; sourceTree = BUILT_PRODUCTS_DIR; };
/* End PBXFileReference section */

/* Begin PBXFileSystemSynchronizedBuildFileExceptionSet section */
		D3F0D5042CF68CDD00BE6EFC /* Exceptions for "splitsy" folder in "splitsy" target */ = {
			isa = PBXFileSystemSynchronizedBuildFileExceptionSet;
			membershipExceptions = (
				Info.plist,
			);
			target = D3D10A592CDDB75E00252FA8 /* splitsy */;
		};
/* End PBXFileSystemSynchronizedBuildFileExceptionSet section */

/* Begin PBXFileSystemSynchronizedRootGroup section */
		D3D10A5C2CDDB75E00252FA8 /* splitsy */ = {
			isa = PBXFileSystemSynchronizedRootGroup;
			exceptions = (
				D3F0D5042CF68CDD00BE6EFC /* Exceptions for "splitsy" folder in "splitsy" target */,
			);
			path = splitsy;
			sourceTree = "<group>";
		};
		D3D10A6D2CDDB76000252FA8 /* splitsyTests */ = {
			isa = PBXFileSystemSynchronizedRootGroup;
			path = splitsyTests;
			sourceTree = "<group>";
		};
		D3D10A772CDDB76000252FA8 /* splitsyUITests */ = {
			isa = PBXFileSystemSynchronizedRootGroup;
			path = splitsyUITests;
			sourceTree = "<group>";
		};
/* End PBXFileSystemSynchronizedRootGroup section */

/* Begin PBXFrameworksBuildPhase section */
		D3D10A572CDDB75E00252FA8 /* Frameworks */ = {
			isa = PBXFrameworksBuildPhase;
			buildActionMask = 2147483647;
			files = (
			);
			runOnlyForDeploymentPostprocessing = 0;
		};
		D3D10A672CDDB76000252FA8 /* Frameworks */ = {
			isa = PBXFrameworksBuildPhase;
			buildActionMask = 2147483647;
			files = (
			);
			runOnlyForDeploymentPostprocessing = 0;
		};
		D3D10A712CDDB76000252FA8 /* Frameworks */ = {
			isa = PBXFrameworksBuildPhase;
			buildActionMask = 2147483647;
			files = (
			);
			runOnlyForDeploymentPostprocessing = 0;
		};
/* End PBXFrameworksBuildPhase section */

/* Begin PBXGroup section */
		D3D10A512CDDB75E00252FA8 = {
			isa = PBXGroup;
			children = (
				D3D10A5C2CDDB75E00252FA8 /* splitsy */,
				D3D10A6D2CDDB76000252FA8 /* splitsyTests */,
				D3D10A772CDDB76000252FA8 /* splitsyUITests */,
				D3D10A5B2CDDB75E00252FA8 /* Products */,
			);
			sourceTree = "<group>";
		};
		D3D10A5B2CDDB75E00252FA8 /* Products */ = {
			isa = PBXGroup;
			children = (
				D3D10A5A2CDDB75E00252FA8 /* splitsy.app */,
				D3D10A6A2CDDB76000252FA8 /* splitsyTests.xctest */,
				D3D10A742CDDB76000252FA8 /* splitsyUITests.xctest */,
			);
			name = Products;
			sourceTree = "<group>";
		};
/* End PBXGroup section */

/* Begin PBXNativeTarget section */
		D3D10A592CDDB75E00252FA8 /* splitsy */ = {
			isa = PBXNativeTarget;
			buildConfigurationList = D3D10A7E2CDDB76000252FA8 /* Build configuration list for PBXNativeTarget "splitsy" */;
			buildPhases = (
				D3D10A562CDDB75E00252FA8 /* Sources */,
				D3D10A572CDDB75E00252FA8 /* Frameworks */,
				D3D10A582CDDB75E00252FA8 /* Resources */,
			);
			buildRules = (
			);
			dependencies = (
			);
			fileSystemSynchronizedGroups = (
				D3D10A5C2CDDB75E00252FA8 /* splitsy */,
			);
			name = splitsy;
			packageProductDependencies = (
			);
			productName = splitsy;
			productReference = D3D10A5A2CDDB75E00252FA8 /* splitsy.app */;
			productType = "com.apple.product-type.application";
		};
		D3D10A692CDDB76000252FA8 /* splitsyTests */ = {
			isa = PBXNativeTarget;
			buildConfigurationList = D3D10A812CDDB76000252FA8 /* Build configuration list for PBXNativeTarget "splitsyTests" */;
			buildPhases = (
				D3D10A662CDDB76000252FA8 /* Sources */,
				D3D10A672CDDB76000252FA8 /* Frameworks */,
				D3D10A682CDDB76000252FA8 /* Resources */,
			);
			buildRules = (
			);
			dependencies = (
				D3D10A6C2CDDB76000252FA8 /* PBXTargetDependency */,
			);
			fileSystemSynchronizedGroups = (
				D3D10A6D2CDDB76000252FA8 /* splitsyTests */,
			);
			name = splitsyTests;
			packageProductDependencies = (
			);
			productName = splitsyTests;
			productReference = D3D10A6A2CDDB76000252FA8 /* splitsyTests.xctest */;
			productType = "com.apple.product-type.bundle.unit-test";
		};
		D3D10A732CDDB76000252FA8 /* splitsyUITests */ = {
			isa = PBXNativeTarget;
			buildConfigurationList = D3D10A842CDDB76000252FA8 /* Build configuration list for PBXNativeTarget "splitsyUITests" */;
			buildPhases = (
				D3D10A702CDDB76000252FA8 /* Sources */,
				D3D10A712CDDB76000252FA8 /* Frameworks */,
				D3D10A722CDDB76000252FA8 /* Resources */,
			);
			buildRules = (
			);
			dependencies = (
				D3D10A762CDDB76000252FA8 /* PBXTargetDependency */,
			);
			fileSystemSynchronizedGroups = (
				D3D10A772CDDB76000252FA8 /* splitsyUITests */,
			);
			name = splitsyUITests;
			packageProductDependencies = (
			);
			productName = splitsyUITests;
			productReference = D3D10A742CDDB76000252FA8 /* splitsyUITests.xctest */;
			productType = "com.apple.product-type.bundle.ui-testing";
		};
/* End PBXNativeTarget section */

/* Begin PBXProject section */
		D3D10A522CDDB75E00252FA8 /* Project object */ = {
			isa = PBXProject;
			attributes = {
				BuildIndependentTargetsInParallel = 1;
				LastSwiftUpdateCheck = 1610;
				LastUpgradeCheck = 1610;
				TargetAttributes = {
					D3D10A592CDDB75E00252FA8 = {
						CreatedOnToolsVersion = 16.1;
					};
					D3D10A692CDDB76000252FA8 = {
						CreatedOnToolsVersion = 16.1;
						TestTargetID = D3D10A592CDDB75E00252FA8;
					};
					D3D10A732CDDB76000252FA8 = {
						CreatedOnToolsVersion = 16.1;
						TestTargetID = D3D10A592CDDB75E00252FA8;
					};
				};
			};
			buildConfigurationList = D3D10A552CDDB75E00252FA8 /* Build configuration list for PBXProject "splitsy" */;
			developmentRegion = en;
			hasScannedForEncodings = 0;
			knownRegions = (
				en,
				Base,
			);
			mainGroup = D3D10A512CDDB75E00252FA8;
			minimizedProjectReferenceProxies = 1;
			preferredProjectObjectVersion = 77;
			productRefGroup = D3D10A5B2CDDB75E00252FA8 /* Products */;
			projectDirPath = "";
			projectRoot = "";
			targets = (
				D3D10A592CDDB75E00252FA8 /* splitsy */,
				D3D10A692CDDB76000252FA8 /* splitsyTests */,
				D3D10A732CDDB76000252FA8 /* splitsyUITests */,
			);
		};
/* End PBXProject section */

/* Begin PBXResourcesBuildPhase section */
		D3D10A582CDDB75E00252FA8 /* Resources */ = {
			isa = PBXResourcesBuildPhase;
			buildActionMask = 2147483647;
			files = (
			);
			runOnlyForDeploymentPostprocessing = 0;
		};
		D3D10A682CDDB76000252FA8 /* Resources */ = {
			isa = PBXResourcesBuildPhase;
			buildActionMask = 2147483647;
			files = (
			);
			runOnlyForDeploymentPostprocessing = 0;
		};
		D3D10A722CDDB76000252FA8 /* Resources */ = {
			isa = PBXResourcesBuildPhase;
			buildActionMask = 2147483647;
			files = (
			);
			runOnlyForDeploymentPostprocessing = 0;
		};
/* End PBXResourcesBuildPhase section */

/* Begin PBXSourcesBuildPhase section */
		D3D10A562CDDB75E00252FA8 /* Sources */ = {
			isa = PBXSourcesBuildPhase;
			buildActionMask = 2147483647;
			files = (
			);
			runOnlyForDeploymentPostprocessing = 0;
		};
		D3D10A662CDDB76000252FA8 /* Sources */ = {
			isa = PBXSourcesBuildPhase;
			buildActionMask = 2147483647;
			files = (
			);
			runOnlyForDeploymentPostprocessing = 0;
		};
		D3D10A702CDDB76000252FA8 /* Sources */ = {
			isa = PBXSourcesBuildPhase;
			buildActionMask = 2147483647;
			files = (
			);
			runOnlyForDeploymentPostprocessing = 0;
		};
/* End PBXSourcesBuildPhase section */

/* Begin PBXTargetDependency section */
		D3D10A6C2CDDB76000252FA8 /* PBXTargetDependency */ = {
			isa = PBXTargetDependency;
			target = D3D10A592CDDB75E00252FA8 /* splitsy */;
			targetProxy = D3D10A6B2CDDB76000252FA8 /* PBXContainerItemProxy */;
		};
		D3D10A762CDDB76000252FA8 /* PBXTargetDependency */ = {
			isa = PBXTargetDependency;
			target = D3D10A592CDDB75E00252FA8 /* splitsy */;
			targetProxy = D3D10A752CDDB76000252FA8 /* PBXContainerItemProxy */;
		};
/* End PBXTargetDependency section */

/* Begin XCBuildConfiguration section */
		D3D10A7C2CDDB76000252FA8 /* Debug */ = {
			isa = XCBuildConfiguration;
			buildSettings = {
				ALWAYS_SEARCH_USER_PATHS = NO;
				ASSETCATALOG_COMPILER_GENERATE_SWIFT_ASSET_SYMBOL_EXTENSIONS = YES;
				CLANG_ANALYZER_NONNULL = YES;
				CLANG_ANALYZER_NUMBER_OBJECT_CONVERSION = YES_AGGRESSIVE;
				CLANG_CXX_LANGUAGE_STANDARD = "gnu++20";
				CLANG_ENABLE_MODULES = YES;
				CLANG_ENABLE_OBJC_ARC = YES;
				CLANG_ENABLE_OBJC_WEAK = YES;
				CLANG_WARN_BLOCK_CAPTURE_AUTORELEASING = YES;
				CLANG_WARN_BOOL_CONVERSION = YES;
				CLANG_WARN_COMMA = YES;
				CLANG_WARN_CONSTANT_CONVERSION = YES;
				CLANG_WARN_DEPRECATED_OBJC_IMPLEMENTATIONS = YES;
				CLANG_WARN_DIRECT_OBJC_ISA_USAGE = YES_ERROR;
				CLANG_WARN_DOCUMENTATION_COMMENTS = YES;
				CLANG_WARN_EMPTY_BODY = YES;
				CLANG_WARN_ENUM_CONVERSION = YES;
				CLANG_WARN_INFINITE_RECURSION = YES;
				CLANG_WARN_INT_CONVERSION = YES;
				CLANG_WARN_NON_LITERAL_NULL_CONVERSION = YES;
				CLANG_WARN_OBJC_IMPLICIT_RETAIN_SELF = YES;
				CLANG_WARN_OBJC_LITERAL_CONVERSION = YES;
				CLANG_WARN_OBJC_ROOT_CLASS = YES_ERROR;
				CLANG_WARN_QUOTED_INCLUDE_IN_FRAMEWORK_HEADER = YES;
				CLANG_WARN_RANGE_LOOP_ANALYSIS = YES;
				CLANG_WARN_STRICT_PROTOTYPES = YES;
				CLANG_WARN_SUSPICIOUS_MOVE = YES;
				CLANG_WARN_UNGUARDED_AVAILABILITY = YES_AGGRESSIVE;
				CLANG_WARN_UNREACHABLE_CODE = YES;
				CLANG_WARN__DUPLICATE_METHOD_MATCH = YES;
				COPY_PHASE_STRIP = NO;
				DEBUG_INFORMATION_FORMAT = dwarf;
				ENABLE_STRICT_OBJC_MSGSEND = YES;
				ENABLE_TESTABILITY = YES;
				ENABLE_USER_SCRIPT_SANDBOXING = YES;
				GCC_C_LANGUAGE_STANDARD = gnu17;
				GCC_DYNAMIC_NO_PIC = NO;
				GCC_NO_COMMON_BLOCKS = YES;
				GCC_OPTIMIZATION_LEVEL = 0;
				GCC_PREPROCESSOR_DEFINITIONS = (
					"DEBUG=1",
					"$(inherited)",
				);
				GCC_WARN_64_TO_32_BIT_CONVERSION = YES;
				GCC_WARN_ABOUT_RETURN_TYPE = YES_ERROR;
				GCC_WARN_UNDECLARED_SELECTOR = YES;
				GCC_WARN_UNINITIALIZED_AUTOS = YES_AGGRESSIVE;
				GCC_WARN_UNUSED_FUNCTION = YES;
				GCC_WARN_UNUSED_VARIABLE = YES;
				IPHONEOS_DEPLOYMENT_TARGET = 18.1;
				LOCALIZATION_PREFERS_STRING_CATALOGS = YES;
				MTL_ENABLE_DEBUG_INFO = INCLUDE_SOURCE;
				MTL_FAST_MATH = YES;
				ONLY_ACTIVE_ARCH = YES;
				SDKROOT = iphoneos;
				SWIFT_ACTIVE_COMPILATION_CONDITIONS = "DEBUG $(inherited)";
				SWIFT_OPTIMIZATION_LEVEL = "-Onone";
			};
			name = Debug;
		};
		D3D10A7D2CDDB76000252FA8 /* Release */ = {
			isa = XCBuildConfiguration;
			buildSettings = {
				ALWAYS_SEARCH_USER_PATHS = NO;
				ASSETCATALOG_COMPILER_GENERATE_SWIFT_ASSET_SYMBOL_EXTENSIONS = YES;
				CLANG_ANALYZER_NONNULL = YES;
				CLANG_ANALYZER_NUMBER_OBJECT_CONVERSION = YES_AGGRESSIVE;
				CLANG_CXX_LANGUAGE_STANDARD = "gnu++20";
				CLANG_ENABLE_MODULES = YES;
				CLANG_ENABLE_OBJC_ARC = YES;
				CLANG_ENABLE_OBJC_WEAK = YES;
				CLANG_WARN_BLOCK_CAPTURE_AUTORELEASING = YES;
				CLANG_WARN_BOOL_CONVERSION = YES;
				CLANG_WARN_COMMA = YES;
				CLANG_WARN_CONSTANT_CONVERSION = YES;
				CLANG_WARN_DEPRECATED_OBJC_IMPLEMENTATIONS = YES;
				CLANG_WARN_DIRECT_OBJC_ISA_USAGE = YES_ERROR;
				CLANG_WARN_DOCUMENTATION_COMMENTS = YES;
				CLANG_WARN_EMPTY_BODY = YES;
				CLANG_WARN_ENUM_CONVERSION = YES;
				CLANG_WARN_INFINITE_RECURSION = YES;
				CLANG_WARN_INT_CONVERSION = YES;
				CLANG_WARN_NON_LITERAL_NULL_CONVERSION = YES;
				CLANG_WARN_OBJC_IMPLICIT_RETAIN_SELF = YES;
				CLANG_WARN_OBJC_LITERAL_CONVERSION = YES;
				CLANG_WARN_OBJC_ROOT_CLASS = YES_ERROR;
				CLANG_WARN_QUOTED_INCLUDE_IN_FRAMEWORK_HEADER = YES;
				CLANG_WARN_RANGE_LOOP_ANALYSIS = YES;
				CLANG_WARN_STRICT_PROTOTYPES = YES;
				CLANG_WARN_SUSPICIOUS_MOVE = YES;
				CLANG_WARN_UNGUARDED_AVAILABILITY = YES_AGGRESSIVE;
				CLANG_WARN_UNREACHABLE_CODE = YES;
				CLANG_WARN__DUPLICATE_METHOD_MATCH = YES;
				COPY_PHASE_STRIP = NO;
				DEBUG_INFORMATION_FORMAT = "dwarf-with-dsym";
				ENABLE_NS_ASSERTIONS = NO;
				ENABLE_STRICT_OBJC_MSGSEND = YES;
				ENABLE_USER_SCRIPT_SANDBOXING = YES;
				GCC_C_LANGUAGE_STANDARD = gnu17;
				GCC_NO_COMMON_BLOCKS = YES;
				GCC_WARN_64_TO_32_BIT_CONVERSION = YES;
				GCC_WARN_ABOUT_RETURN_TYPE = YES_ERROR;
				GCC_WARN_UNDECLARED_SELECTOR = YES;
				GCC_WARN_UNINITIALIZED_AUTOS = YES_AGGRESSIVE;
				GCC_WARN_UNUSED_FUNCTION = YES;
				GCC_WARN_UNUSED_VARIABLE = YES;
				IPHONEOS_DEPLOYMENT_TARGET = 18.1;
				LOCALIZATION_PREFERS_STRING_CATALOGS = YES;
				MTL_ENABLE_DEBUG_INFO = NO;
				MTL_FAST_MATH = YES;
				SDKROOT = iphoneos;
				SWIFT_COMPILATION_MODE = wholemodule;
				VALIDATE_PRODUCT = YES;
			};
			name = Release;
		};
		D3D10A7F2CDDB76000252FA8 /* Debug */ = {
			isa = XCBuildConfiguration;
			buildSettings = {
				ASSETCATALOG_COMPILER_APPICON_NAME = AppIcon;
				ASSETCATALOG_COMPILER_GLOBAL_ACCENT_COLOR_NAME = AccentColor;
				CODE_SIGN_STYLE = Automatic;
				CURRENT_PROJECT_VERSION = 1;
				DEVELOPMENT_ASSET_PATHS = "\"splitsy/Preview Content\"";
				DEVELOPMENT_TEAM = N8F9WVR6YR;
				ENABLE_PREVIEWS = YES;
				GENERATE_INFOPLIST_FILE = YES;
				INFOPLIST_FILE = "$(SRCROOT)/splitsy/Info.plist";
				INFOPLIST_KEY_NSCameraUsageDescription = "We need access to your camera to scan receipts.";
				INFOPLIST_KEY_NSPhotoLibraryUsageDescription = "We need access to your photo library to scan saved receipt images.";
				INFOPLIST_KEY_UIApplicationSceneManifest_Generation = YES;
				INFOPLIST_KEY_UIApplicationSupportsIndirectInputEvents = YES;
				INFOPLIST_KEY_UILaunchScreen_Generation = YES;
				INFOPLIST_KEY_UISupportedInterfaceOrientations_iPad = "UIInterfaceOrientationPortrait UIInterfaceOrientationPortraitUpsideDown UIInterfaceOrientationLandscapeLeft UIInterfaceOrientationLandscapeRight";
				INFOPLIST_KEY_UISupportedInterfaceOrientations_iPhone = "UIInterfaceOrientationPortrait UIInterfaceOrientationLandscapeLeft UIInterfaceOrientationLandscapeRight";
				IPHONEOS_DEPLOYMENT_TARGET = 18.0;
				LD_RUNPATH_SEARCH_PATHS = (
					"$(inherited)",
					"@executable_path/Frameworks",
				);
				MARKETING_VERSION = 1.0;
				PRODUCT_BUNDLE_IDENTIFIER = brian.splitsy;
				PRODUCT_NAME = "$(TARGET_NAME)";
				SWIFT_EMIT_LOC_STRINGS = YES;
				SWIFT_VERSION = 5.0;
				TARGETED_DEVICE_FAMILY = "1,2";
			};
			name = Debug;
		};
		D3D10A802CDDB76000252FA8 /* Release */ = {
			isa = XCBuildConfiguration;
			buildSettings = {
				ASSETCATALOG_COMPILER_APPICON_NAME = AppIcon;
				ASSETCATALOG_COMPILER_GLOBAL_ACCENT_COLOR_NAME = AccentColor;
				CODE_SIGN_STYLE = Automatic;
				CURRENT_PROJECT_VERSION = 1;
				DEVELOPMENT_ASSET_PATHS = "\"splitsy/Preview Content\"";
				DEVELOPMENT_TEAM = N8F9WVR6YR;
				ENABLE_PREVIEWS = YES;
				GENERATE_INFOPLIST_FILE = YES;
				INFOPLIST_FILE = "$(SRCROOT)/splitsy/Info.plist";
				INFOPLIST_KEY_NSCameraUsageDescription = "We need access to your camera to scan receipts.";
				INFOPLIST_KEY_NSPhotoLibraryUsageDescription = "We need access to your photo library to scan saved receipt images.";
				INFOPLIST_KEY_UIApplicationSceneManifest_Generation = YES;
				INFOPLIST_KEY_UIApplicationSupportsIndirectInputEvents = YES;
				INFOPLIST_KEY_UILaunchScreen_Generation = YES;
				INFOPLIST_KEY_UISupportedInterfaceOrientations_iPad = "UIInterfaceOrientationPortrait UIInterfaceOrientationPortraitUpsideDown UIInterfaceOrientationLandscapeLeft UIInterfaceOrientationLandscapeRight";
				INFOPLIST_KEY_UISupportedInterfaceOrientations_iPhone = "UIInterfaceOrientationPortrait UIInterfaceOrientationLandscapeLeft UIInterfaceOrientationLandscapeRight";
				IPHONEOS_DEPLOYMENT_TARGET = 18.0;
				LD_RUNPATH_SEARCH_PATHS = (
					"$(inherited)",
					"@executable_path/Frameworks",
				);
				MARKETING_VERSION = 1.0;
				PRODUCT_BUNDLE_IDENTIFIER = brian.splitsy;
				PRODUCT_NAME = "$(TARGET_NAME)";
				SWIFT_EMIT_LOC_STRINGS = YES;
				SWIFT_VERSION = 5.0;
				TARGETED_DEVICE_FAMILY = "1,2";
			};
			name = Release;
		};
		D3D10A822CDDB76000252FA8 /* Debug */ = {
			isa = XCBuildConfiguration;
			buildSettings = {
				BUNDLE_LOADER = "$(TEST_HOST)";
				CODE_SIGN_STYLE = Automatic;
				CURRENT_PROJECT_VERSION = 1;
				GENERATE_INFOPLIST_FILE = YES;
				IPHONEOS_DEPLOYMENT_TARGET = 18.1;
				MARKETING_VERSION = 1.0;
				PRODUCT_BUNDLE_IDENTIFIER = brian.splitsyTests;
				PRODUCT_NAME = "$(TARGET_NAME)";
				SWIFT_EMIT_LOC_STRINGS = NO;
				SWIFT_VERSION = 5.0;
				TARGETED_DEVICE_FAMILY = "1,2";
				TEST_HOST = "$(BUILT_PRODUCTS_DIR)/splitsy.app/$(BUNDLE_EXECUTABLE_FOLDER_PATH)/splitsy";
			};
			name = Debug;
		};
		D3D10A832CDDB76000252FA8 /* Release */ = {
			isa = XCBuildConfiguration;
			buildSettings = {
				BUNDLE_LOADER = "$(TEST_HOST)";
				CODE_SIGN_STYLE = Automatic;
				CURRENT_PROJECT_VERSION = 1;
				GENERATE_INFOPLIST_FILE = YES;
				IPHONEOS_DEPLOYMENT_TARGET = 18.1;
				MARKETING_VERSION = 1.0;
				PRODUCT_BUNDLE_IDENTIFIER = brian.splitsyTests;
				PRODUCT_NAME = "$(TARGET_NAME)";
				SWIFT_EMIT_LOC_STRINGS = NO;
				SWIFT_VERSION = 5.0;
				TARGETED_DEVICE_FAMILY = "1,2";
				TEST_HOST = "$(BUILT_PRODUCTS_DIR)/splitsy.app/$(BUNDLE_EXECUTABLE_FOLDER_PATH)/splitsy";
			};
			name = Release;
		};
		D3D10A852CDDB76000252FA8 /* Debug */ = {
			isa = XCBuildConfiguration;
			buildSettings = {
				CODE_SIGN_STYLE = Automatic;
				CURRENT_PROJECT_VERSION = 1;
				GENERATE_INFOPLIST_FILE = YES;
				MARKETING_VERSION = 1.0;
				PRODUCT_BUNDLE_IDENTIFIER = brian.splitsyUITests;
				PRODUCT_NAME = "$(TARGET_NAME)";
				SWIFT_EMIT_LOC_STRINGS = NO;
				SWIFT_VERSION = 5.0;
				TARGETED_DEVICE_FAMILY = "1,2";
				TEST_TARGET_NAME = splitsy;
			};
			name = Debug;
		};
		D3D10A862CDDB76000252FA8 /* Release */ = {
			isa = XCBuildConfiguration;
			buildSettings = {
				CODE_SIGN_STYLE = Automatic;
				CURRENT_PROJECT_VERSION = 1;
				GENERATE_INFOPLIST_FILE = YES;
				MARKETING_VERSION = 1.0;
				PRODUCT_BUNDLE_IDENTIFIER = brian.splitsyUITests;
				PRODUCT_NAME = "$(TARGET_NAME)";
				SWIFT_EMIT_LOC_STRINGS = NO;
				SWIFT_VERSION = 5.0;
				TARGETED_DEVICE_FAMILY = "1,2";
				TEST_TARGET_NAME = splitsy;
			};
			name = Release;
		};
/* End XCBuildConfiguration section */

/* Begin XCConfigurationList section */
		D3D10A552CDDB75E00252FA8 /* Build configuration list for PBXProject "splitsy" */ = {
			isa = XCConfigurationList;
			buildConfigurations = (
				D3D10A7C2CDDB76000252FA8 /* Debug */,
				D3D10A7D2CDDB76000252FA8 /* Release */,
			);
			defaultConfigurationIsVisible = 0;
			defaultConfigurationName = Release;
		};
		D3D10A7E2CDDB76000252FA8 /* Build configuration list for PBXNativeTarget "splitsy" */ = {
			isa = XCConfigurationList;
			buildConfigurations = (
				D3D10A7F2CDDB76000252FA8 /* Debug */,
				D3D10A802CDDB76000252FA8 /* Release */,
			);
			defaultConfigurationIsVisible = 0;
			defaultConfigurationName = Release;
		};
		D3D10A812CDDB76000252FA8 /* Build configuration list for PBXNativeTarget "splitsyTests" */ = {
			isa = XCConfigurationList;
			buildConfigurations = (
				D3D10A822CDDB76000252FA8 /* Debug */,
				D3D10A832CDDB76000252FA8 /* Release */,
			);
			defaultConfigurationIsVisible = 0;
			defaultConfigurationName = Release;
		};
		D3D10A842CDDB76000252FA8 /* Build configuration list for PBXNativeTarget "splitsyUITests" */ = {
			isa = XCConfigurationList;
			buildConfigurations = (
				D3D10A852CDDB76000252FA8 /* Debug */,
				D3D10A862CDDB76000252FA8 /* Release */,
			);
			defaultConfigurationIsVisible = 0;
			defaultConfigurationName = Release;
		};
/* End XCConfigurationList section */
	};
	rootObject = D3D10A522CDDB75E00252FA8 /* Project object */;
}
